// !$*UTF8*$!
{
	archiveVersion = 1;
	classes = {
	};
	objectVersion = 56;
	objects = {

/* Begin PBXBuildFile section */
		270FAB1929432BEA00906719 /* SimplonAFPTeamApp.swift in Sources */ = {isa = PBXBuildFile; fileRef = 270FAB1829432BEA00906719 /* SimplonAFPTeamApp.swift */; };
		270FAB1D29432BEC00906719 /* Assets.xcassets in Resources */ = {isa = PBXBuildFile; fileRef = 270FAB1C29432BEC00906719 /* Assets.xcassets */; };
		270FAB2029432BEC00906719 /* Preview Assets.xcassets in Resources */ = {isa = PBXBuildFile; fileRef = 270FAB1F29432BEC00906719 /* Preview Assets.xcassets */; };
		270FAB2729432C0400906719 /* Team.swift in Sources */ = {isa = PBXBuildFile; fileRef = 270FAB2629432C0400906719 /* Team.swift */; };
		270FAB2929432EAC00906719 /* ListTeamView.swift in Sources */ = {isa = PBXBuildFile; fileRef = 270FAB2829432EAC00906719 /* ListTeamView.swift */; };
		270FAB2B294330CA00906719 /* PresentationView.swift in Sources */ = {isa = PBXBuildFile; fileRef = 270FAB2A294330CA00906719 /* PresentationView.swift */; };
		270FAB2D2943310B00906719 /* DetailTeamView.swift in Sources */ = {isa = PBXBuildFile; fileRef = 270FAB2C2943310B00906719 /* DetailTeamView.swift */; };
		270FAB30294340DA00906719 /* Promo.swift in Sources */ = {isa = PBXBuildFile; fileRef = 270FAB2F294340DA00906719 /* Promo.swift */; };
		270FAB322943411D00906719 /* Group.swift in Sources */ = {isa = PBXBuildFile; fileRef = 270FAB312943411D00906719 /* Group.swift */; };
		270FAB342943412B00906719 /* Student.swift in Sources */ = {isa = PBXBuildFile; fileRef = 270FAB332943412B00906719 /* Student.swift */; };
		270FAB3729434E0000906719 /* ListPromoView.swift in Sources */ = {isa = PBXBuildFile; fileRef = 270FAB3629434E0000906719 /* ListPromoView.swift */; };
		270FAB3929434F3900906719 /* DetailPromoView.swift in Sources */ = {isa = PBXBuildFile; fileRef = 270FAB3829434F3900906719 /* DetailPromoView.swift */; };
		270FAB3B29435DCB00906719 /* DetailStudentView.swift in Sources */ = {isa = PBXBuildFile; fileRef = 270FAB3A29435DCB00906719 /* DetailStudentView.swift */; };
		270FAB3D2943684800906719 /* DetailGroupView.swift in Sources */ = {isa = PBXBuildFile; fileRef = 270FAB3C2943684800906719 /* DetailGroupView.swift */; };
		27451F1129472FB80049CC8A /* LandingScreenView.swift in Sources */ = {isa = PBXBuildFile; fileRef = 27451F1029472FB80049CC8A /* LandingScreenView.swift */; };
		27451F1329472FCE0049CC8A /* AppleFoundationWelcomView.swift in Sources */ = {isa = PBXBuildFile; fileRef = 27451F1229472FCE0049CC8A /* AppleFoundationWelcomView.swift */; };
/* End PBXBuildFile section */

/* Begin PBXFileReference section */
		270FAB1529432BEA00906719 /* SimplonAFPTeam.app */ = {isa = PBXFileReference; explicitFileType = wrapper.application; includeInIndex = 0; path = SimplonAFPTeam.app; sourceTree = BUILT_PRODUCTS_DIR; };
		270FAB1829432BEA00906719 /* SimplonAFPTeamApp.swift */ = {isa = PBXFileReference; lastKnownFileType = sourcecode.swift; path = SimplonAFPTeamApp.swift; sourceTree = "<group>"; };
		270FAB1C29432BEC00906719 /* Assets.xcassets */ = {isa = PBXFileReference; lastKnownFileType = folder.assetcatalog; path = Assets.xcassets; sourceTree = "<group>"; };
		270FAB1F29432BEC00906719 /* Preview Assets.xcassets */ = {isa = PBXFileReference; lastKnownFileType = folder.assetcatalog; path = "Preview Assets.xcassets"; sourceTree = "<group>"; };
		270FAB2629432C0400906719 /* Team.swift */ = {isa = PBXFileReference; lastKnownFileType = sourcecode.swift; path = Team.swift; sourceTree = "<group>"; };
		270FAB2829432EAC00906719 /* ListTeamView.swift */ = {isa = PBXFileReference; lastKnownFileType = sourcecode.swift; path = ListTeamView.swift; sourceTree = "<group>"; };
		270FAB2A294330CA00906719 /* PresentationView.swift */ = {isa = PBXFileReference; lastKnownFileType = sourcecode.swift; path = PresentationView.swift; sourceTree = "<group>"; };
		270FAB2C2943310B00906719 /* DetailTeamView.swift */ = {isa = PBXFileReference; lastKnownFileType = sourcecode.swift; path = DetailTeamView.swift; sourceTree = "<group>"; };
		270FAB2F294340DA00906719 /* Promo.swift */ = {isa = PBXFileReference; lastKnownFileType = sourcecode.swift; path = Promo.swift; sourceTree = "<group>"; };
		270FAB312943411D00906719 /* Group.swift */ = {isa = PBXFileReference; lastKnownFileType = sourcecode.swift; path = Group.swift; sourceTree = "<group>"; };
		270FAB332943412B00906719 /* Student.swift */ = {isa = PBXFileReference; lastKnownFileType = sourcecode.swift; path = Student.swift; sourceTree = "<group>"; };
		270FAB3629434E0000906719 /* ListPromoView.swift */ = {isa = PBXFileReference; lastKnownFileType = sourcecode.swift; path = ListPromoView.swift; sourceTree = "<group>"; };
		270FAB3829434F3900906719 /* DetailPromoView.swift */ = {isa = PBXFileReference; lastKnownFileType = sourcecode.swift; path = DetailPromoView.swift; sourceTree = "<group>"; };
		270FAB3A29435DCB00906719 /* DetailStudentView.swift */ = {isa = PBXFileReference; lastKnownFileType = sourcecode.swift; path = DetailStudentView.swift; sourceTree = "<group>"; };
		270FAB3C2943684800906719 /* DetailGroupView.swift */ = {isa = PBXFileReference; lastKnownFileType = sourcecode.swift; path = DetailGroupView.swift; sourceTree = "<group>"; };
		27451F1029472FB80049CC8A /* LandingScreenView.swift */ = {isa = PBXFileReference; lastKnownFileType = sourcecode.swift; path = LandingScreenView.swift; sourceTree = "<group>"; };
		27451F1229472FCE0049CC8A /* AppleFoundationWelcomView.swift */ = {isa = PBXFileReference; lastKnownFileType = sourcecode.swift; path = AppleFoundationWelcomView.swift; sourceTree = "<group>"; };
/* End PBXFileReference section */

/* Begin PBXFrameworksBuildPhase section */
		270FAB1229432BEA00906719 /* Frameworks */ = {
			isa = PBXFrameworksBuildPhase;
			buildActionMask = 2147483647;
			files = (
			);
			runOnlyForDeploymentPostprocessing = 0;
		};
/* End PBXFrameworksBuildPhase section */

/* Begin PBXGroup section */
		270FAB0C29432BEA00906719 = {
			isa = PBXGroup;
			children = (
				270FAB1729432BEA00906719 /* SimplonAFPTeam */,
				270FAB1629432BEA00906719 /* Products */,
			);
			sourceTree = "<group>";
		};
		270FAB1629432BEA00906719 /* Products */ = {
			isa = PBXGroup;
			children = (
				270FAB1529432BEA00906719 /* SimplonAFPTeam.app */,
			);
			name = Products;
			sourceTree = "<group>";
		};
		270FAB1729432BEA00906719 /* SimplonAFPTeam */ = {
			isa = PBXGroup;
			children = (
				27451F0F29472F9A0049CC8A /* ViewCustom */,
				270FAB3529434CD500906719 /* Promo */,
				270FAB2E294340B200906719 /* Team */,
				270FAB1829432BEA00906719 /* SimplonAFPTeamApp.swift */,
				270FAB1C29432BEC00906719 /* Assets.xcassets */,
				270FAB1E29432BEC00906719 /* Preview Content */,
			);
			path = SimplonAFPTeam;
			sourceTree = "<group>";
		};
		270FAB1E29432BEC00906719 /* Preview Content */ = {
			isa = PBXGroup;
			children = (
				270FAB1F29432BEC00906719 /* Preview Assets.xcassets */,
			);
			path = "Preview Content";
			sourceTree = "<group>";
		};
		270FAB2E294340B200906719 /* Team */ = {
			isa = PBXGroup;
			children = (
				270FAB2629432C0400906719 /* Team.swift */,
				270FAB2C2943310B00906719 /* DetailTeamView.swift */,
				270FAB2829432EAC00906719 /* ListTeamView.swift */,
			);
			path = Team;
			sourceTree = "<group>";
		};
		270FAB3529434CD500906719 /* Promo */ = {
			isa = PBXGroup;
			children = (
				270FAB332943412B00906719 /* Student.swift */,
				270FAB312943411D00906719 /* Group.swift */,
				270FAB2F294340DA00906719 /* Promo.swift */,
				270FAB3629434E0000906719 /* ListPromoView.swift */,
				270FAB3829434F3900906719 /* DetailPromoView.swift */,
				270FAB3A29435DCB00906719 /* DetailStudentView.swift */,
				270FAB3C2943684800906719 /* DetailGroupView.swift */,
			);
			path = Promo;
			sourceTree = "<group>";
		};
		27451F0F29472F9A0049CC8A /* ViewCustom */ = {
			isa = PBXGroup;
			children = (
				270FAB2A294330CA00906719 /* PresentationView.swift */,
				27451F1029472FB80049CC8A /* LandingScreenView.swift */,
				27451F1229472FCE0049CC8A /* AppleFoundationWelcomView.swift */,
			);
			path = ViewCustom;
			sourceTree = "<group>";
		};
/* End PBXGroup section */

/* Begin PBXNativeTarget section */
		270FAB1429432BEA00906719 /* SimplonAFPTeam */ = {
			isa = PBXNativeTarget;
			buildConfigurationList = 270FAB2329432BEC00906719 /* Build configuration list for PBXNativeTarget "SimplonAFPTeam" */;
			buildPhases = (
				270FAB1129432BEA00906719 /* Sources */,
				270FAB1229432BEA00906719 /* Frameworks */,
				270FAB1329432BEA00906719 /* Resources */,
			);
			buildRules = (
			);
			dependencies = (
			);
			name = SimplonAFPTeam;
			productName = SimplonAFPTeam;
			productReference = 270FAB1529432BEA00906719 /* SimplonAFPTeam.app */;
			productType = "com.apple.product-type.application";
		};
/* End PBXNativeTarget section */

/* Begin PBXProject section */
		270FAB0D29432BEA00906719 /* Project object */ = {
			isa = PBXProject;
			attributes = {
				BuildIndependentTargetsInParallel = 1;
				LastSwiftUpdateCheck = 1410;
				LastUpgradeCheck = 1410;
				TargetAttributes = {
					270FAB1429432BEA00906719 = {
						CreatedOnToolsVersion = 14.1;
					};
				};
			};
			buildConfigurationList = 270FAB1029432BEA00906719 /* Build configuration list for PBXProject "SimplonAFPTeam" */;
			compatibilityVersion = "Xcode 14.0";
			developmentRegion = en;
			hasScannedForEncodings = 0;
			knownRegions = (
				en,
				Base,
			);
			mainGroup = 270FAB0C29432BEA00906719;
			productRefGroup = 270FAB1629432BEA00906719 /* Products */;
			projectDirPath = "";
			projectRoot = "";
			targets = (
				270FAB1429432BEA00906719 /* SimplonAFPTeam */,
			);
		};
/* End PBXProject section */

/* Begin PBXResourcesBuildPhase section */
		270FAB1329432BEA00906719 /* Resources */ = {
			isa = PBXResourcesBuildPhase;
			buildActionMask = 2147483647;
			files = (
				270FAB2029432BEC00906719 /* Preview Assets.xcassets in Resources */,
				270FAB1D29432BEC00906719 /* Assets.xcassets in Resources */,
			);
			runOnlyForDeploymentPostprocessing = 0;
		};
/* End PBXResourcesBuildPhase section */

/* Begin PBXSourcesBuildPhase section */
		270FAB1129432BEA00906719 /* Sources */ = {
			isa = PBXSourcesBuildPhase;
			buildActionMask = 2147483647;
			files = (
				270FAB322943411D00906719 /* Group.swift in Sources */,
				27451F1129472FB80049CC8A /* LandingScreenView.swift in Sources */,
				270FAB2729432C0400906719 /* Team.swift in Sources */,
				270FAB1929432BEA00906719 /* SimplonAFPTeamApp.swift in Sources */,
				270FAB2929432EAC00906719 /* ListTeamView.swift in Sources */,
				270FAB3B29435DCB00906719 /* DetailStudentView.swift in Sources */,
				270FAB30294340DA00906719 /* Promo.swift in Sources */,
				270FAB2D2943310B00906719 /* DetailTeamView.swift in Sources */,
				270FAB3729434E0000906719 /* ListPromoView.swift in Sources */,
				270FAB3929434F3900906719 /* DetailPromoView.swift in Sources */,
				270FAB2B294330CA00906719 /* PresentationView.swift in Sources */,
				270FAB342943412B00906719 /* Student.swift in Sources */,
				270FAB3D2943684800906719 /* DetailGroupView.swift in Sources */,
				27451F1329472FCE0049CC8A /* AppleFoundationWelcomView.swift in Sources */,
			);
			runOnlyForDeploymentPostprocessing = 0;
		};
/* End PBXSourcesBuildPhase section */

/* Begin XCBuildConfiguration section */
		270FAB2129432BEC00906719 /* Debug */ = {
			isa = XCBuildConfiguration;
			buildSettings = {
				ALWAYS_SEARCH_USER_PATHS = NO;
				CLANG_ANALYZER_NONNULL = YES;
				CLANG_ANALYZER_NUMBER_OBJECT_CONVERSION = YES_AGGRESSIVE;
				CLANG_CXX_LANGUAGE_STANDARD = "gnu++20";
				CLANG_ENABLE_MODULES = YES;
				CLANG_ENABLE_OBJC_ARC = YES;
				CLANG_ENABLE_OBJC_WEAK = YES;
				CLANG_WARN_BLOCK_CAPTURE_AUTORELEASING = YES;
				CLANG_WARN_BOOL_CONVERSION = YES;
				CLANG_WARN_COMMA = YES;
				CLANG_WARN_CONSTANT_CONVERSION = YES;
				CLANG_WARN_DEPRECATED_OBJC_IMPLEMENTATIONS = YES;
				CLANG_WARN_DIRECT_OBJC_ISA_USAGE = YES_ERROR;
				CLANG_WARN_DOCUMENTATION_COMMENTS = YES;
				CLANG_WARN_EMPTY_BODY = YES;
				CLANG_WARN_ENUM_CONVERSION = YES;
				CLANG_WARN_INFINITE_RECURSION = YES;
				CLANG_WARN_INT_CONVERSION = YES;
				CLANG_WARN_NON_LITERAL_NULL_CONVERSION = YES;
				CLANG_WARN_OBJC_IMPLICIT_RETAIN_SELF = YES;
				CLANG_WARN_OBJC_LITERAL_CONVERSION = YES;
				CLANG_WARN_OBJC_ROOT_CLASS = YES_ERROR;
				CLANG_WARN_QUOTED_INCLUDE_IN_FRAMEWORK_HEADER = YES;
				CLANG_WARN_RANGE_LOOP_ANALYSIS = YES;
				CLANG_WARN_STRICT_PROTOTYPES = YES;
				CLANG_WARN_SUSPICIOUS_MOVE = YES;
				CLANG_WARN_UNGUARDED_AVAILABILITY = YES_AGGRESSIVE;
				CLANG_WARN_UNREACHABLE_CODE = YES;
				CLANG_WARN__DUPLICATE_METHOD_MATCH = YES;
				COPY_PHASE_STRIP = NO;
				DEBUG_INFORMATION_FORMAT = dwarf;
				ENABLE_STRICT_OBJC_MSGSEND = YES;
				ENABLE_TESTABILITY = YES;
				GCC_C_LANGUAGE_STANDARD = gnu11;
				GCC_DYNAMIC_NO_PIC = NO;
				GCC_NO_COMMON_BLOCKS = YES;
				GCC_OPTIMIZATION_LEVEL = 0;
				GCC_PREPROCESSOR_DEFINITIONS = (
					"DEBUG=1",
					"$(inherited)",
				);
				GCC_WARN_64_TO_32_BIT_CONVERSION = YES;
				GCC_WARN_ABOUT_RETURN_TYPE = YES_ERROR;
				GCC_WARN_UNDECLARED_SELECTOR = YES;
				GCC_WARN_UNINITIALIZED_AUTOS = YES_AGGRESSIVE;
				GCC_WARN_UNUSED_FUNCTION = YES;
				GCC_WARN_UNUSED_VARIABLE = YES;
				IPHONEOS_DEPLOYMENT_TARGET = 16.1;
				MTL_ENABLE_DEBUG_INFO = INCLUDE_SOURCE;
				MTL_FAST_MATH = YES;
				ONLY_ACTIVE_ARCH = YES;
				SDKROOT = iphoneos;
				SWIFT_ACTIVE_COMPILATION_CONDITIONS = DEBUG;
				SWIFT_OPTIMIZATION_LEVEL = "-Onone";
			};
			name = Debug;
		};
		270FAB2229432BEC00906719 /* Release */ = {
			isa = XCBuildConfiguration;
			buildSettings = {
				ALWAYS_SEARCH_USER_PATHS = NO;
				CLANG_ANALYZER_NONNULL = YES;
				CLANG_ANALYZER_NUMBER_OBJECT_CONVERSION = YES_AGGRESSIVE;
				CLANG_CXX_LANGUAGE_STANDARD = "gnu++20";
				CLANG_ENABLE_MODULES = YES;
				CLANG_ENABLE_OBJC_ARC = YES;
				CLANG_ENABLE_OBJC_WEAK = YES;
				CLANG_WARN_BLOCK_CAPTURE_AUTORELEASING = YES;
				CLANG_WARN_BOOL_CONVERSION = YES;
				CLANG_WARN_COMMA = YES;
				CLANG_WARN_CONSTANT_CONVERSION = YES;
				CLANG_WARN_DEPRECATED_OBJC_IMPLEMENTATIONS = YES;
				CLANG_WARN_DIRECT_OBJC_ISA_USAGE = YES_ERROR;
				CLANG_WARN_DOCUMENTATION_COMMENTS = YES;
				CLANG_WARN_EMPTY_BODY = YES;
				CLANG_WARN_ENUM_CONVERSION = YES;
				CLANG_WARN_INFINITE_RECURSION = YES;
				CLANG_WARN_INT_CONVERSION = YES;
				CLANG_WARN_NON_LITERAL_NULL_CONVERSION = YES;
				CLANG_WARN_OBJC_IMPLICIT_RETAIN_SELF = YES;
				CLANG_WARN_OBJC_LITERAL_CONVERSION = YES;
				CLANG_WARN_OBJC_ROOT_CLASS = YES_ERROR;
				CLANG_WARN_QUOTED_INCLUDE_IN_FRAMEWORK_HEADER = YES;
				CLANG_WARN_RANGE_LOOP_ANALYSIS = YES;
				CLANG_WARN_STRICT_PROTOTYPES = YES;
				CLANG_WARN_SUSPICIOUS_MOVE = YES;
				CLANG_WARN_UNGUARDED_AVAILABILITY = YES_AGGRESSIVE;
				CLANG_WARN_UNREACHABLE_CODE = YES;
				CLANG_WARN__DUPLICATE_METHOD_MATCH = YES;
				COPY_PHASE_STRIP = NO;
				DEBUG_INFORMATION_FORMAT = "dwarf-with-dsym";
				ENABLE_NS_ASSERTIONS = NO;
				ENABLE_STRICT_OBJC_MSGSEND = YES;
				GCC_C_LANGUAGE_STANDARD = gnu11;
				GCC_NO_COMMON_BLOCKS = YES;
				GCC_WARN_64_TO_32_BIT_CONVERSION = YES;
				GCC_WARN_ABOUT_RETURN_TYPE = YES_ERROR;
				GCC_WARN_UNDECLARED_SELECTOR = YES;
				GCC_WARN_UNINITIALIZED_AUTOS = YES_AGGRESSIVE;
				GCC_WARN_UNUSED_FUNCTION = YES;
				GCC_WARN_UNUSED_VARIABLE = YES;
				IPHONEOS_DEPLOYMENT_TARGET = 16.1;
				MTL_ENABLE_DEBUG_INFO = NO;
				MTL_FAST_MATH = YES;
				SDKROOT = iphoneos;
				SWIFT_COMPILATION_MODE = wholemodule;
				SWIFT_OPTIMIZATION_LEVEL = "-O";
				VALIDATE_PRODUCT = YES;
			};
			name = Release;
		};
		270FAB2429432BEC00906719 /* Debug */ = {
			isa = XCBuildConfiguration;
			buildSettings = {
				ASSETCATALOG_COMPILER_APPICON_NAME = AppIcon;
				ASSETCATALOG_COMPILER_GLOBAL_ACCENT_COLOR_NAME = AccentColor;
				CODE_SIGN_STYLE = Automatic;
				CURRENT_PROJECT_VERSION = 1;
				DEVELOPMENT_ASSET_PATHS = "\"SimplonAFPTeam/Preview Content\"";
				DEVELOPMENT_TEAM = 4N7GXR879Q;
				ENABLE_PREVIEWS = YES;
				GENERATE_INFOPLIST_FILE = YES;
				INFOPLIST_KEY_UIApplicationSceneManifest_Generation = YES;
				INFOPLIST_KEY_UIApplicationSupportsIndirectInputEvents = YES;
				INFOPLIST_KEY_UILaunchScreen_Generation = YES;
				INFOPLIST_KEY_UISupportedInterfaceOrientations_iPad = "UIInterfaceOrientationPortrait UIInterfaceOrientationPortraitUpsideDown UIInterfaceOrientationLandscapeLeft UIInterfaceOrientationLandscapeRight";
				INFOPLIST_KEY_UISupportedInterfaceOrientations_iPhone = "UIInterfaceOrientationPortrait UIInterfaceOrientationLandscapeLeft UIInterfaceOrientationLandscapeRight";
				LD_RUNPATH_SEARCH_PATHS = (
					"$(inherited)",
					"@executable_path/Frameworks",
				);
				MARKETING_VERSION = 1.0;
				PRODUCT_BUNDLE_IDENTIFIER = "com.culture-clic.SimplonAFPTeam";
				PRODUCT_NAME = "$(TARGET_NAME)";
				SWIFT_EMIT_LOC_STRINGS = YES;
				SWIFT_VERSION = 5.0;
				TARGETED_DEVICE_FAMILY = "1,2";
			};
			name = Debug;
		};
		270FAB2529432BEC00906719 /* Release */ = {
			isa = XCBuildConfiguration;
			buildSettings = {
				ASSETCATALOG_COMPILER_APPICON_NAME = AppIcon;
				ASSETCATALOG_COMPILER_GLOBAL_ACCENT_COLOR_NAME = AccentColor;
				CODE_SIGN_STYLE = Automatic;
				CURRENT_PROJECT_VERSION = 1;
				DEVELOPMENT_ASSET_PATHS = "\"SimplonAFPTeam/Preview Content\"";
				DEVELOPMENT_TEAM = 4N7GXR879Q;
				ENABLE_PREVIEWS = YES;
				GENERATE_INFOPLIST_FILE = YES;
				INFOPLIST_KEY_UIApplicationSceneManifest_Generation = YES;
				INFOPLIST_KEY_UIApplicationSupportsIndirectInputEvents = YES;
				INFOPLIST_KEY_UILaunchScreen_Generation = YES;
				INFOPLIST_KEY_UISupportedInterfaceOrientations_iPad = "UIInterfaceOrientationPortrait UIInterfaceOrientationPortraitUpsideDown UIInterfaceOrientationLandscapeLeft UIInterfaceOrientationLandscapeRight";
				INFOPLIST_KEY_UISupportedInterfaceOrientations_iPhone = "UIInterfaceOrientationPortrait UIInterfaceOrientationLandscapeLeft UIInterfaceOrientationLandscapeRight";
				LD_RUNPATH_SEARCH_PATHS = (
					"$(inherited)",
					"@executable_path/Frameworks",
				);
				MARKETING_VERSION = 1.0;
				PRODUCT_BUNDLE_IDENTIFIER = "com.culture-clic.SimplonAFPTeam";
				PRODUCT_NAME = "$(TARGET_NAME)";
				SWIFT_EMIT_LOC_STRINGS = YES;
				SWIFT_VERSION = 5.0;
				TARGETED_DEVICE_FAMILY = "1,2";
			};
			name = Release;
		};
/* End XCBuildConfiguration section */

/* Begin XCConfigurationList section */
		270FAB1029432BEA00906719 /* Build configuration list for PBXProject "SimplonAFPTeam" */ = {
			isa = XCConfigurationList;
			buildConfigurations = (
				270FAB2129432BEC00906719 /* Debug */,
				270FAB2229432BEC00906719 /* Release */,
			);
			defaultConfigurationIsVisible = 0;
			defaultConfigurationName = Release;
		};
		270FAB2329432BEC00906719 /* Build configuration list for PBXNativeTarget "SimplonAFPTeam" */ = {
			isa = XCConfigurationList;
			buildConfigurations = (
				270FAB2429432BEC00906719 /* Debug */,
				270FAB2529432BEC00906719 /* Release */,
			);
			defaultConfigurationIsVisible = 0;
			defaultConfigurationName = Release;
		};
/* End XCConfigurationList section */
	};
	rootObject = 270FAB0D29432BEA00906719 /* Project object */;
}
